
Microsoft Visual Studio Solution File, Format Version 12.00
# Visual Studio 14
VisualStudioVersion = 14.0.23107.0
MinimumVisualStudioVersion = 10.0.40219.1
Project("{FAE04EC0-301F-11D3-BF4B-00C04F79EFBC}") = "DataProcessing", "DataProcessing\DataProcessing.csproj", "{BE65DFA9-6C19-452F-8DF9-35FA440644AC}"
EndProject
Project("{FAE04EC0-301F-11D3-BF4B-00C04F79EFBC}") = "DataProcessing.Tests", "DataProcessing.Test\DataProcessing.Tests.csproj", "{C5B46789-284D-405D-B2DC-92C5288575BF}"
EndProject
Project("{FAE04EC0-301F-11D3-BF4B-00C04F79EFBC}") = "XlsxReader", "XlsxReader\XlsxReader.csproj", "{7D84B4C1-F4C4-46BF-8588-49142D577A35}"
EndProject
Project("{FAE04EC0-301F-11D3-BF4B-00C04F79EFBC}") = "DataProcessing.Web", "DataProcessing.Web\DataProcessing.Web.csproj", "{A105C63D-31CA-489C-ACA5-787B8F89C0AC}"
EndProject
Project("{FAE04EC0-301F-11D3-BF4B-00C04F79EFBC}") = "DataProcessing.Web.Tests", "DataProcessing.Web.Tests\DataProcessing.Web.Tests.csproj", "{CC7F8B9C-53B2-4542-A65F-639AB023BFC0}"
EndProject
Global
	GlobalSection(SolutionConfigurationPlatforms) = preSolution
		Debug|Any CPU = Debug|Any CPU
		Release|Any CPU = Release|Any CPU
	EndGlobalSection
	GlobalSection(ProjectConfigurationPlatforms) = postSolution
		{BE65DFA9-6C19-452F-8DF9-35FA440644AC}.Debug|Any CPU.ActiveCfg = Debug|Any CPU
		{BE65DFA9-6C19-452F-8DF9-35FA440644AC}.Debug|Any CPU.Build.0 = Debug|Any CPU
		{BE65DFA9-6C19-452F-8DF9-35FA440644AC}.Release|Any CPU.ActiveCfg = Release|Any CPU
		{BE65DFA9-6C19-452F-8DF9-35FA440644AC}.Release|Any CPU.Build.0 = Release|Any CPU
		{C5B46789-284D-405D-B2DC-92C5288575BF}.Debug|Any CPU.ActiveCfg = Debug|Any CPU
		{C5B46789-284D-405D-B2DC-92C5288575BF}.Debug|Any CPU.Build.0 = Debug|Any CPU
		{C5B46789-284D-405D-B2DC-92C5288575BF}.Release|Any CPU.ActiveCfg = Release|Any CPU
		{C5B46789-284D-405D-B2DC-92C5288575BF}.Release|Any CPU.Build.0 = Release|Any CPU
		{7D84B4C1-F4C4-46BF-8588-49142D577A35}.Debug|Any CPU.ActiveCfg = Debug|Any CPU
		{7D84B4C1-F4C4-46BF-8588-49142D577A35}.Debug|Any CPU.Build.0 = Debug|Any CPU
		{7D84B4C1-F4C4-46BF-8588-49142D577A35}.Release|Any CPU.ActiveCfg = Release|Any CPU
		{7D84B4C1-F4C4-46BF-8588-49142D577A35}.Release|Any CPU.Build.0 = Release|Any CPU
		{A105C63D-31CA-489C-ACA5-787B8F89C0AC}.Debug|Any CPU.ActiveCfg = Debug|Any CPU
		{A105C63D-31CA-489C-ACA5-787B8F89C0AC}.Debug|Any CPU.Build.0 = Debug|Any CPU
		{A105C63D-31CA-489C-ACA5-787B8F89C0AC}.Release|Any CPU.ActiveCfg = Release|Any CPU
		{A105C63D-31CA-489C-ACA5-787B8F89C0AC}.Release|Any CPU.Build.0 = Release|Any CPU
		{CC7F8B9C-53B2-4542-A65F-639AB023BFC0}.Debug|Any CPU.ActiveCfg = Debug|Any CPU
		{CC7F8B9C-53B2-4542-A65F-639AB023BFC0}.Debug|Any CPU.Build.0 = Debug|Any CPU
		{CC7F8B9C-53B2-4542-A65F-639AB023BFC0}.Release|Any CPU.ActiveCfg = Release|Any CPU
		{CC7F8B9C-53B2-4542-A65F-639AB023BFC0}.Release|Any CPU.Build.0 = Release|Any CPU
	EndGlobalSection
	GlobalSection(SolutionProperties) = preSolution
		HideSolutionNode = FALSE
	EndGlobalSection
EndGlobal
